#MicroXplorer Configuration settings - do not modify
FREERTOS.FootprintOK=true
FREERTOS.IPParameters=Tasks01,FootprintOK,configUSE_NEWLIB_REENTRANT
FREERTOS.Tasks01=defaultTask,24,128,StartDefaultTask,Default,NULL,Dynamic,NULL,NULL;Read_Sensor,8,128,StartRead_Sensor,Default,NULL,Dynamic,NULL,NULL;NDVIRead,32,128,StartNDVIRead,Default,NULL,Dynamic,NULL,NULL;Feedback,8,128,StartFeedback,Default,NULL,Dynamic,NULL,NULL;Debounce,40,128,StartDebounce,Default,NULL,Dynamic,NULL,NULL
FREERTOS.configUSE_NEWLIB_REENTRANT=1
File.Version=6
GPIO.groupedBy=Group By Peripherals
KeepUserPlacement=false
Mcu.CPN=STM32F429ZIT6
Mcu.Family=STM32F4
Mcu.IP0=FREERTOS
Mcu.IP1=NVIC
Mcu.IP2=RCC
Mcu.IP3=SYS
Mcu.IP4=USART6
Mcu.IPNb=5
Mcu.Name=STM32F429ZITx
Mcu.Package=LQFP144
Mcu.Pin0=PC13
Mcu.Pin1=PB0
Mcu.Pin2=PB14
Mcu.Pin3=PG9
Mcu.Pin4=PG14
Mcu.Pin5=PB7
Mcu.Pin6=VP_FREERTOS_VS_CMSIS_V2
Mcu.Pin7=VP_SYS_VS_tim4
Mcu.PinsNb=8
Mcu.ThirdPartyNb=0
Mcu.UserConstants=
Mcu.UserName=STM32F429ZITx
MxCube.Version=6.5.0
MxDb.Version=DB.6.0.50
NVIC.BusFault_IRQn=true\:0\:0\:false\:false\:true\:false\:false\:false\:true
NVIC.DebugMonitor_IRQn=true\:0\:0\:false\:false\:true\:false\:false\:false\:true
NVIC.EXTI15_10_IRQn=true\:5\:0\:false\:false\:true\:true\:true\:true\:true
NVIC.ForceEnableDMAVector=true
NVIC.HardFault_IRQn=true\:0\:0\:false\:false\:true\:false\:false\:false\:true
NVIC.MemoryManagement_IRQn=true\:0\:0\:false\:false\:true\:false\:false\:false\:true
NVIC.NonMaskableInt_IRQn=true\:0\:0\:false\:false\:true\:false\:false\:false\:true
NVIC.PendSV_IRQn=true\:15\:0\:false\:false\:false\:true\:false\:false\:true
NVIC.PriorityGroup=NVIC_PRIORITYGROUP_4
NVIC.SVCall_IRQn=true\:0\:0\:false\:false\:false\:false\:false\:false\:true
NVIC.SavedPendsvIrqHandlerGenerated=true
NVIC.SavedSvcallIrqHandlerGenerated=true
NVIC.SavedSystickIrqHandlerGenerated=true
NVIC.SysTick_IRQn=true\:15\:0\:false\:false\:false\:true\:false\:true\:true
NVIC.TIM4_IRQn=true\:15\:0\:false\:false\:true\:false\:false\:true\:true
NVIC.TimeBase=TIM4_IRQn
NVIC.TimeBaseIP=TIM4
NVIC.UsageFault_IRQn=true\:0\:0\:false\:false\:true\:false\:false\:false\:true
PB0.Locked=true
PB0.Signal=GPIO_Output
PB14.Locked=true
PB14.Signal=GPIO_Output
PB7.Locked=true
PB7.Signal=GPIO_Output
PC13.GPIOParameters=GPIO_ModeDefaultEXTI
PC13.GPIO_ModeDefaultEXTI=GPIO_MODE_IT_RISING
PC13.Locked=true
PC13.Signal=GPXTI13
PG14.Locked=true
PG14.Mode=Asynchronous
PG14.Signal=USART6_TX
PG9.Locked=true
PG9.Mode=Asynchronous
PG9.Signal=USART6_RX
PinOutPanel.RotationAngle=0
ProjectManager.AskForMigrate=true
ProjectManager.BackupPrevious=false
ProjectManager.CompilerOptimize=6
ProjectManager.ComputerToolchain=false
ProjectManager.CoupleFile=true
ProjectManager.CustomerFirmwarePackage=
ProjectManager.DefaultFWLocation=true
ProjectManager.DeletePrevious=true
ProjectManager.DeviceId=STM32F429ZITx
ProjectManager.FirmwarePackage=STM32Cube FW_F4 V1.27.0
ProjectManager.FreePins=false
ProjectManager.HalAssertFull=false
ProjectManager.HeapSize=0x200
ProjectManager.KeepUserCode=true
ProjectManager.LastFirmware=true
ProjectManager.LibraryCopy=1
ProjectManager.MainLocation=Core/Src
ProjectManager.NoMain=false
ProjectManager.PreviousToolchain=
ProjectManager.ProjectBuild=false
ProjectManager.ProjectFileName=Sensor_Test.ioc
ProjectManager.ProjectName=Sensor_Test
ProjectManager.RegisterCallBack=
ProjectManager.StackSize=0x400
ProjectManager.TargetToolchain=STM32CubeIDE
ProjectManager.ToolChainLocation=
ProjectManager.UnderRoot=true
ProjectManager.functionlistsort=1-SystemClock_Config-RCC-false-HAL-false,2-MX_GPIO_Init-GPIO-false-HAL-true,3-MX_USART6_UART_Init-USART6-false-HAL-true
RCC.48MHZClocksFreq_Value=40000000
RCC.AHBFreq_Value=40000000
RCC.APB1Freq_Value=40000000
RCC.APB1TimFreq_Value=40000000
RCC.APB2Freq_Value=40000000
RCC.APB2TimFreq_Value=40000000
RCC.CortexFreq_Value=40000000
RCC.EthernetFreq_Value=40000000
RCC.FCLKCortexFreq_Value=40000000
RCC.FamilyName=M
RCC.HCLKFreq_Value=40000000
RCC.HSE_VALUE=25000000
RCC.HSI_VALUE=16000000
RCC.I2SClocksFreq_Value=96000000
RCC.IPParameters=48MHZClocksFreq_Value,AHBFreq_Value,APB1Freq_Value,APB1TimFreq_Value,APB2Freq_Value,APB2TimFreq_Value,CortexFreq_Value,EthernetFreq_Value,FCLKCortexFreq_Value,FamilyName,HCLKFreq_Value,HSE_VALUE,HSI_VALUE,I2SClocksFreq_Value,LSE_VALUE,LSI_VALUE,MCO2PinFreq_Value,PLLCLKFreq_Value,PLLN,PLLP,PLLQCLKFreq_Value,RTCFreq_Value,RTCHSEDivFreq_Value,SYSCLKFreq_VALUE,SYSCLKSource,VCOI2SOutputFreq_Value,VCOInputFreq_Value,VCOOutputFreq_Value,VCOSAIOutputFreq_Value,VCOSAIOutputFreq_ValueQ,VCOSAIOutputFreq_ValueR,VcooutputI2S,VcooutputI2SQ
RCC.LSE_VALUE=32768
RCC.LSI_VALUE=32000
RCC.MCO2PinFreq_Value=40000000
RCC.PLLCLKFreq_Value=40000000
RCC.PLLN=160
RCC.PLLP=RCC_PLLP_DIV4
RCC.PLLQCLKFreq_Value=40000000
RCC.RTCFreq_Value=32000
RCC.RTCHSEDivFreq_Value=12500000
RCC.SYSCLKFreq_VALUE=40000000
RCC.SYSCLKSource=RCC_SYSCLKSOURCE_PLLCLK
RCC.VCOI2SOutputFreq_Value=192000000
RCC.VCOInputFreq_Value=1000000
RCC.VCOOutputFreq_Value=160000000
RCC.VCOSAIOutputFreq_Value=49000000
RCC.VCOSAIOutputFreq_ValueQ=12250000
RCC.VCOSAIOutputFreq_ValueR=24500000
RCC.VcooutputI2S=96000000
RCC.VcooutputI2SQ=96000000
SH.GPXTI13.0=GPIO_EXTI13
SH.GPXTI13.ConfNb=1
USART6.BaudRate=9600
USART6.IPParameters=VirtualMode,Mode,BaudRate,OverSampling
USART6.Mode=MODE_TX_RX
USART6.OverSampling=UART_OVERSAMPLING_16
USART6.VirtualMode=VM_ASYNC
VP_FREERTOS_VS_CMSIS_V2.Mode=CMSIS_V2
VP_FREERTOS_VS_CMSIS_V2.Signal=FREERTOS_VS_CMSIS_V2
VP_SYS_VS_tim4.Mode=TIM4
VP_SYS_VS_tim4.Signal=SYS_VS_tim4
board=custom
isbadioc=false
